{
  "originHash" : "aa5e2be9f6c04f499f8e38977c412cc64533297e193842bb105ab181cc43f9eb",
  "pins" : [
    {
      "identity" : "tun2sockskit",
      "kind" : "remoteSourceControl",
      "location" : "https://github.com/EbrahimTahernejad/Tun2SocksKit.git",
      "state" : {
        "revision" : "28811514e285925055e696a217f2a3d0ccca9b4e",
        "version" : "3.6.8"
      }
    }
  ],
  "version" : 3
}
