{
  "originHash" : "aa5e2be9f6c04f499f8e38977c412cc64533297e193842bb105ab181cc43f9eb",
  "pins" : [
    {
      "identity" : "tun2sockskit",
      "kind" : "remoteSourceControl",
      "location" : "https://github.com/EbrahimTahernejad/Tun2SocksKit.git",
      "state" : {
        "revision" : "3fd28a9af168f0f3016800acac4f77e3fc0abfc0",
        "version" : "3.6.7"
      }
    }
  ],
  "version" : 3
}
