{
  "pins" : [
    {
      "identity" : "tun2sockskit",
      "kind" : "remoteSourceControl",
      "location" : "https://github.com/arror/Tun2SocksKit",
      "state" : {
        "revision" : "ffe9b93765a7c6068188ad665411a47e685b0573",
        "version" : "2.5.3"
      }
    }
  ],
  "version" : 2
}
