PODS:
  - clash_pc_flt (0.0.1):
    - FlutterMacOS
  - FlutterMacOS (1.0.0)
  - path_provider_foundation (0.0.1):
    - Flutter
    - FlutterMacOS
  - proxy_manager (0.0.1):
    - FlutterMacOS

DEPENDENCIES:
  - clash_pc_flt (from `Flutter/ephemeral/.symlinks/plugins/clash_pc_flt/macos`)
  - FlutterMacOS (from `Flutter/ephemeral`)
  - path_provider_foundation (from `Flutter/ephemeral/.symlinks/plugins/path_provider_foundation/darwin`)
  - proxy_manager (from `Flutter/ephemeral/.symlinks/plugins/proxy_manager/macos`)

EXTERNAL SOURCES:
  clash_pc_flt:
    :path: Flutter/ephemeral/.symlinks/plugins/clash_pc_flt/macos
  FlutterMacOS:
    :path: Flutter/ephemeral
  path_provider_foundation:
    :path: Flutter/ephemeral/.symlinks/plugins/path_provider_foundation/darwin
  proxy_manager:
    :path: Flutter/ephemeral/.symlinks/plugins/proxy_manager/macos

SPEC CHECKSUMS:
  clash_pc_flt: 5048209145558a1319402ed17b867cc1feeca6ee
  FlutterMacOS: 8f6f14fa908a6fb3fba0cd85dbd81ec4b251fb24
  path_provider_foundation: 29f094ae23ebbca9d3d0cec13889cd9060c0e943
  proxy_manager: 542f2521a9ade938bfdd8a2ff566d95515fa7f2c

PODFILE CHECKSUM: 236401fc2c932af29a9fcf0e97baeeb2d750d367

COCOAPODS: 1.12.1
